
Microsoft Visual Studio Solution File, Format Version 11.00
# Visual Studio 2010
Project("{F2A71F9B-5D33-465A-A702-920D77279786}") = "LruCache", "LruCache\LruCache.fsproj", "{2316F4FE-98D5-40DA-A0AB-6F3D90AB53B9}"
EndProject
Project("{F2A71F9B-5D33-465A-A702-920D77279786}") = "LruCache.Test", "LruCache.Test\LruCache.Test.fsproj", "{4A06AC49-A14C-45DE-A899-B565FF33C629}"
EndProject
Global
	GlobalSection(SolutionConfigurationPlatforms) = preSolution
		Debug|Any CPU = Debug|Any CPU
		Debug|Mixed Platforms = Debug|Mixed Platforms
		Debug|x86 = Debug|x86
		Release|Any CPU = Release|Any CPU
		Release|Mixed Platforms = Release|Mixed Platforms
		Release|x86 = Release|x86
	EndGlobalSection
	GlobalSection(ProjectConfigurationPlatforms) = postSolution
		{2316F4FE-98D5-40DA-A0AB-6F3D90AB53B9}.Debug|Any CPU.ActiveCfg = Debug|x86
		{2316F4FE-98D5-40DA-A0AB-6F3D90AB53B9}.Debug|Mixed Platforms.ActiveCfg = Debug|x86
		{2316F4FE-98D5-40DA-A0AB-6F3D90AB53B9}.Debug|Mixed Platforms.Build.0 = Debug|x86
		{2316F4FE-98D5-40DA-A0AB-6F3D90AB53B9}.Debug|x86.ActiveCfg = Debug|x86
		{2316F4FE-98D5-40DA-A0AB-6F3D90AB53B9}.Debug|x86.Build.0 = Debug|x86
		{2316F4FE-98D5-40DA-A0AB-6F3D90AB53B9}.Release|Any CPU.ActiveCfg = Release|x86
		{2316F4FE-98D5-40DA-A0AB-6F3D90AB53B9}.Release|Mixed Platforms.ActiveCfg = Release|x86
		{2316F4FE-98D5-40DA-A0AB-6F3D90AB53B9}.Release|Mixed Platforms.Build.0 = Release|x86
		{2316F4FE-98D5-40DA-A0AB-6F3D90AB53B9}.Release|x86.ActiveCfg = Release|x86
		{2316F4FE-98D5-40DA-A0AB-6F3D90AB53B9}.Release|x86.Build.0 = Release|x86
		{4A06AC49-A14C-45DE-A899-B565FF33C629}.Debug|Any CPU.ActiveCfg = Debug|Any CPU
		{4A06AC49-A14C-45DE-A899-B565FF33C629}.Debug|Any CPU.Build.0 = Debug|Any CPU
		{4A06AC49-A14C-45DE-A899-B565FF33C629}.Debug|Mixed Platforms.ActiveCfg = Debug|Any CPU
		{4A06AC49-A14C-45DE-A899-B565FF33C629}.Debug|Mixed Platforms.Build.0 = Debug|Any CPU
		{4A06AC49-A14C-45DE-A899-B565FF33C629}.Debug|x86.ActiveCfg = Debug|Any CPU
		{4A06AC49-A14C-45DE-A899-B565FF33C629}.Release|Any CPU.ActiveCfg = Release|Any CPU
		{4A06AC49-A14C-45DE-A899-B565FF33C629}.Release|Any CPU.Build.0 = Release|Any CPU
		{4A06AC49-A14C-45DE-A899-B565FF33C629}.Release|Mixed Platforms.ActiveCfg = Release|Any CPU
		{4A06AC49-A14C-45DE-A899-B565FF33C629}.Release|Mixed Platforms.Build.0 = Release|Any CPU
		{4A06AC49-A14C-45DE-A899-B565FF33C629}.Release|x86.ActiveCfg = Release|Any CPU
	EndGlobalSection
	GlobalSection(SolutionProperties) = preSolution
		HideSolutionNode = FALSE
	EndGlobalSection
EndGlobal
